
Microsoft Visual Studio Solution File, Format Version 12.00
# Visual Studio Version 17
VisualStudioVersion = 17.5.002.0
MinimumVisualStudioVersion = 10.0.40219.1
Project("{2150E333-8FDC-42A3-9474-1A3956D46DE8}") = "WeekOne", "WeekOne", "{9EB21753-9961-4EBD-B23E-6D380AB6AFB2}"
EndProject
Project("{9A19103F-16F7-4668-BE54-9A1E7A4F7556}") = "firstLab", "WeekOne\firstLab\firstLab.csproj", "{521F34F3-110C-4D5F-AF2E-22CE0A68D3EC}"
EndProject
Project("{9A19103F-16F7-4668-BE54-9A1E7A4F7556}") = "FirstProject", "WeekOne\FirstProject\FirstProject.csproj", "{9D8F29C7-3823-4626-BCF1-EF25803B3B2D}"
EndProject
Project("{9A19103F-16F7-4668-BE54-9A1E7A4F7556}") = "helloWorld", "WeekOne\helloWorld\helloWorld.csproj", "{5A8BE597-3145-4BEA-A261-41C0572CF0A2}"
EndProject
Global
	GlobalSection(SolutionConfigurationPlatforms) = preSolution
		Debug|Any CPU = Debug|Any CPU
		Release|Any CPU = Release|Any CPU
	EndGlobalSection
	GlobalSection(ProjectConfigurationPlatforms) = postSolution
		{521F34F3-110C-4D5F-AF2E-22CE0A68D3EC}.Debug|Any CPU.ActiveCfg = Debug|Any CPU
		{521F34F3-110C-4D5F-AF2E-22CE0A68D3EC}.Debug|Any CPU.Build.0 = Debug|Any CPU
		{521F34F3-110C-4D5F-AF2E-22CE0A68D3EC}.Release|Any CPU.ActiveCfg = Release|Any CPU
		{521F34F3-110C-4D5F-AF2E-22CE0A68D3EC}.Release|Any CPU.Build.0 = Release|Any CPU
		{9D8F29C7-3823-4626-BCF1-EF25803B3B2D}.Debug|Any CPU.ActiveCfg = Debug|Any CPU
		{9D8F29C7-3823-4626-BCF1-EF25803B3B2D}.Debug|Any CPU.Build.0 = Debug|Any CPU
		{9D8F29C7-3823-4626-BCF1-EF25803B3B2D}.Release|Any CPU.ActiveCfg = Release|Any CPU
		{9D8F29C7-3823-4626-BCF1-EF25803B3B2D}.Release|Any CPU.Build.0 = Release|Any CPU
		{5A8BE597-3145-4BEA-A261-41C0572CF0A2}.Debug|Any CPU.ActiveCfg = Debug|Any CPU
		{5A8BE597-3145-4BEA-A261-41C0572CF0A2}.Debug|Any CPU.Build.0 = Debug|Any CPU
		{5A8BE597-3145-4BEA-A261-41C0572CF0A2}.Release|Any CPU.ActiveCfg = Release|Any CPU
		{5A8BE597-3145-4BEA-A261-41C0572CF0A2}.Release|Any CPU.Build.0 = Release|Any CPU
	EndGlobalSection
	GlobalSection(SolutionProperties) = preSolution
		HideSolutionNode = FALSE
	EndGlobalSection
	GlobalSection(NestedProjects) = preSolution
		{521F34F3-110C-4D5F-AF2E-22CE0A68D3EC} = {9EB21753-9961-4EBD-B23E-6D380AB6AFB2}
		{9D8F29C7-3823-4626-BCF1-EF25803B3B2D} = {9EB21753-9961-4EBD-B23E-6D380AB6AFB2}
		{5A8BE597-3145-4BEA-A261-41C0572CF0A2} = {9EB21753-9961-4EBD-B23E-6D380AB6AFB2}
	EndGlobalSection
	GlobalSection(ExtensibilityGlobals) = postSolution
		SolutionGuid = {8ACB7B3C-DAEF-4101-B655-058FB3E463B7}
	EndGlobalSection
EndGlobal
